
Microsoft Visual Studio Solution File, Format Version 12.00
# Visual Studio Version 16
VisualStudioVersion = 16.0.29230.61
MinimumVisualStudioVersion = 10.0.40219.1
Project("{FAE04EC0-301F-11D3-BF4B-00C04F79EFBC}") = "latency-web", "latency-web.csproj", "{49A6E7D1-0FC8-4A3C-9624-6A7EFF96EBF5}"
EndProject
Global
	GlobalSection(SolutionConfigurationPlatforms) = preSolution
		Debug|Any CPU = Debug|Any CPU
		Release|Any CPU = Release|Any CPU
	EndGlobalSection
	GlobalSection(ProjectConfigurationPlatforms) = postSolution
		{49A6E7D1-0FC8-4A3C-9624-6A7EFF96EBF5}.Debug|Any CPU.ActiveCfg = Debug|Any CPU
		{49A6E7D1-0FC8-4A3C-9624-6A7EFF96EBF5}.Debug|Any CPU.Build.0 = Debug|Any CPU
		{49A6E7D1-0FC8-4A3C-9624-6A7EFF96EBF5}.Release|Any CPU.ActiveCfg = Release|Any CPU
		{49A6E7D1-0FC8-4A3C-9624-6A7EFF96EBF5}.Release|Any CPU.Build.0 = Release|Any CPU
	EndGlobalSection
	GlobalSection(SolutionProperties) = preSolution
		HideSolutionNode = FALSE
	EndGlobalSection
	GlobalSection(ExtensibilityGlobals) = postSolution
		SolutionGuid = {CBA6782E-F56C-4B7F-8C2A-9BF6FDF18D0D}
	EndGlobalSection
EndGlobal
